// !$*UTF8*$!
{
	archiveVersion = 1;
	classes = {
	};
	objectVersion = 77;
	objects = {

/* Begin PBXContainerItemProxy section */
		BA7A65D92FDA6F7300F29C50 /* PBXContainerItemProxy */ = {
			isa = PBXContainerItemProxy;
			containerPortal = BA7A65BF2FDA6F6E00F29C50 /* Project object */;
			proxyType = 1;
			remoteGlobalIDString = BA7A65C62FDA6F6E00F29C50;
			remoteInfo = "sumi-ios";
		};
		BA7A65E32FDA6F7300F29C50 /* PBXContainerItemProxy */ = {
			isa = PBXContainerItemProxy;
			containerPortal = BA7A65BF2FDA6F6E00F29C50 /* Project object */;
			proxyType = 1;
			remoteGlobalIDString = BA7A65C62FDA6F6E00F29C50;
			remoteInfo = "sumi-ios";
		};
/* End PBXContainerItemProxy section */

/* Begin PBXFileReference section */
		BA7A65C72FDA6F6E00F29C50 /* sumi-ios.app */ = {isa = PBXFileReference; explicitFileType = wrapper.application; includeInIndex = 0; path = "sumi-ios.app"; sourceTree = BUILT_PRODUCTS_DIR; };
		BA7A65D82FDA6F7300F29C50 /* sumi-iosTests.xctest */ = {isa = PBXFileReference; explicitFileType = wrapper.cfbundle; includeInIndex = 0; path = "sumi-iosTests.xctest"; sourceTree = BUILT_PRODUCTS_DIR; };
		BA7A65E22FDA6F7300F29C50 /* sumi-iosUITests.xctest */ = {isa = PBXFileReference; explicitFileType = wrapper.cfbundle; includeInIndex = 0; path = "sumi-iosUITests.xctest"; sourceTree = BUILT_PRODUCTS_DIR; };
/* End PBXFileReference section */

/* Begin PBXFileSystemSynchronizedBuildFileExceptionSet section */
		BA7A65EA2FDA6F7300F29C50 /* Exceptions for "sumi-ios" folder in "sumi-ios" target */ = {
			isa = PBXFileSystemSynchronizedBuildFileExceptionSet;
			membershipExceptions = (
				Info.plist,
			);
			target = BA7A65C62FDA6F6E00F29C50 /* sumi-ios */;
		};
/* End PBXFileSystemSynchronizedBuildFileExceptionSet section */

/* Begin PBXFileSystemSynchronizedRootGroup section */
		BA7A65C92FDA6F6E00F29C50 /* sumi-ios */ = {
			isa = PBXFileSystemSynchronizedRootGroup;
			exceptions = (
				BA7A65EA2FDA6F7300F29C50 /* Exceptions for "sumi-ios" folder in "sumi-ios" target */,
			);
			path = "sumi-ios";
			sourceTree = "<group>";
		};
		BA7A65DB2FDA6F7300F29C50 /* sumi-iosTests */ = {
			isa = PBXFileSystemSynchronizedRootGroup;
			path = "sumi-iosTests";
			sourceTree = "<group>";
		};
		BA7A65E52FDA6F7300F29C50 /* sumi-iosUITests */ = {
			isa = PBXFileSystemSynchronizedRootGroup;
			path = "sumi-iosUITests";
			sourceTree = "<group>";
		};
/* End PBXFileSystemSynchronizedRootGroup section */

/* Begin PBXFrameworksBuildPhase section */
		BA7A65C42FDA6F6E00F29C50 /* Frameworks */ = {
			isa = PBXFrameworksBuildPhase;
			buildActionMask = 2147483647;
			files = (
			);
			runOnlyForDeploymentPostprocessing = 0;
		};
		BA7A65D52FDA6F7300F29C50 /* Frameworks */ = {
			isa = PBXFrameworksBuildPhase;
			buildActionMask = 2147483647;
			files = (
			);
			runOnlyForDeploymentPostprocessing = 0;
		};
		BA7A65DF2FDA6F7300F29C50 /* Frameworks */ = {
			isa = PBXFrameworksBuildPhase;
			buildActionMask = 2147483647;
			files = (
			);
			runOnlyForDeploymentPostprocessing = 0;
		};
/* End PBXFrameworksBuildPhase section */

/* Begin PBXGroup section */
		BA7A65BE2FDA6F6E00F29C50 = {
			isa = PBXGroup;
			children = (
				BA7A65C92FDA6F6E00F29C50 /* sumi-ios */,
				BA7A65DB2FDA6F7300F29C50 /* sumi-iosTests */,
				BA7A65E52FDA6F7300F29C50 /* sumi-iosUITests */,
				BA7A65C82FDA6F6E00F29C50 /* Products */,
			);
			sourceTree = "<group>";
		};
		BA7A65C82FDA6F6E00F29C50 /* Products */ = {
			isa = PBXGroup;
			children = (
				BA7A65C72FDA6F6E00F29C50 /* sumi-ios.app */,
				BA7A65D82FDA6F7300F29C50 /* sumi-iosTests.xctest */,
				BA7A65E22FDA6F7300F29C50 /* sumi-iosUITests.xctest */,
			);
			name = Products;
			sourceTree = "<group>";
		};
/* End PBXGroup section */

/* Begin PBXNativeTarget section */
		BA7A65C62FDA6F6E00F29C50 /* sumi-ios */ = {
			isa = PBXNativeTarget;
			buildConfigurationList = BA7A65EB2FDA6F7300F29C50 /* Build configuration list for PBXNativeTarget "sumi-ios" */;
			buildPhases = (
				BA7A65C32FDA6F6E00F29C50 /* Sources */,
				BA7A65C42FDA6F6E00F29C50 /* Frameworks */,
				BA7A65C52FDA6F6E00F29C50 /* Resources */,
			);
			buildRules = (
			);
			dependencies = (
			);
			fileSystemSynchronizedGroups = (
				BA7A65C92FDA6F6E00F29C50 /* sumi-ios */,
			);
			name = "sumi-ios";
			packageProductDependencies = (
			);
			productName = "sumi-ios";
			productReference = BA7A65C72FDA6F6E00F29C50 /* sumi-ios.app */;
			productType = "com.apple.product-type.application";
		};
		BA7A65D72FDA6F7300F29C50 /* sumi-iosTests */ = {
			isa = PBXNativeTarget;
			buildConfigurationList = BA7A65F02FDA6F7300F29C50 /* Build configuration list for PBXNativeTarget "sumi-iosTests" */;
			buildPhases = (
				BA7A65D42FDA6F7300F29C50 /* Sources */,
				BA7A65D52FDA6F7300F29C50 /* Frameworks */,
				BA7A65D62FDA6F7300F29C50 /* Resources */,
			);
			buildRules = (
			);
			dependencies = (
				BA7A65DA2FDA6F7300F29C50 /* PBXTargetDependency */,
			);
			fileSystemSynchronizedGroups = (
				BA7A65DB2FDA6F7300F29C50 /* sumi-iosTests */,
			);
			name = "sumi-iosTests";
			packageProductDependencies = (
			);
			productName = "sumi-iosTests";
			productReference = BA7A65D82FDA6F7300F29C50 /* sumi-iosTests.xctest */;
			productType = "com.apple.product-type.bundle.unit-test";
		};
		BA7A65E12FDA6F7300F29C50 /* sumi-iosUITests */ = {
			isa = PBXNativeTarget;
			buildConfigurationList = BA7A65F32FDA6F7300F29C50 /* Build configuration list for PBXNativeTarget "sumi-iosUITests" */;
			buildPhases = (
				BA7A65DE2FDA6F7300F29C50 /* Sources */,
				BA7A65DF2FDA6F7300F29C50 /* Frameworks */,
				BA7A65E02FDA6F7300F29C50 /* Resources */,
			);
			buildRules = (
			);
			dependencies = (
				BA7A65E42FDA6F7300F29C50 /* PBXTargetDependency */,
			);
			fileSystemSynchronizedGroups = (
				BA7A65E52FDA6F7300F29C50 /* sumi-iosUITests */,
			);
			name = "sumi-iosUITests";
			packageProductDependencies = (
			);
			productName = "sumi-iosUITests";
			productReference = BA7A65E22FDA6F7300F29C50 /* sumi-iosUITests.xctest */;
			productType = "com.apple.product-type.bundle.ui-testing";
		};
/* End PBXNativeTarget section */

/* Begin PBXProject section */
		BA7A65BF2FDA6F6E00F29C50 /* Project object */ = {
			isa = PBXProject;
			attributes = {
				BuildIndependentTargetsInParallel = 1;
				LastSwiftUpdateCheck = 1630;
				LastUpgradeCheck = 1630;
				TargetAttributes = {
					BA7A65C62FDA6F6E00F29C50 = {
						CreatedOnToolsVersion = 16.3;
					};
					BA7A65D72FDA6F7300F29C50 = {
						CreatedOnToolsVersion = 16.3;
						TestTargetID = BA7A65C62FDA6F6E00F29C50;
					};
					BA7A65E12FDA6F7300F29C50 = {
						CreatedOnToolsVersion = 16.3;
						TestTargetID = BA7A65C62FDA6F6E00F29C50;
					};
				};
			};
			buildConfigurationList = BA7A65C22FDA6F6E00F29C50 /* Build configuration list for PBXProject "sumi-ios" */;
			developmentRegion = en;
			hasScannedForEncodings = 0;
			knownRegions = (
				en,
				Base,
			);
			mainGroup = BA7A65BE2FDA6F6E00F29C50;
			minimizedProjectReferenceProxies = 1;
			preferredProjectObjectVersion = 77;
			productRefGroup = BA7A65C82FDA6F6E00F29C50 /* Products */;
			projectDirPath = "";
			projectRoot = "";
			targets = (
				BA7A65C62FDA6F6E00F29C50 /* sumi-ios */,
				BA7A65D72FDA6F7300F29C50 /* sumi-iosTests */,
				BA7A65E12FDA6F7300F29C50 /* sumi-iosUITests */,
			);
		};
/* End PBXProject section */

/* Begin PBXResourcesBuildPhase section */
		BA7A65C52FDA6F6E00F29C50 /* Resources */ = {
			isa = PBXResourcesBuildPhase;
			buildActionMask = 2147483647;
			files = (
			);
			runOnlyForDeploymentPostprocessing = 0;
		};
		BA7A65D62FDA6F7300F29C50 /* Resources */ = {
			isa = PBXResourcesBuildPhase;
			buildActionMask = 2147483647;
			files = (
			);
			runOnlyForDeploymentPostprocessing = 0;
		};
		BA7A65E02FDA6F7300F29C50 /* Resources */ = {
			isa = PBXResourcesBuildPhase;
			buildActionMask = 2147483647;
			files = (
			);
			runOnlyForDeploymentPostprocessing = 0;
		};
/* End PBXResourcesBuildPhase section */

/* Begin PBXSourcesBuildPhase section */
		BA7A65C32FDA6F6E00F29C50 /* Sources */ = {
			isa = PBXSourcesBuildPhase;
			buildActionMask = 2147483647;
			files = (
			);
			runOnlyForDeploymentPostprocessing = 0;
		};
		BA7A65D42FDA6F7300F29C50 /* Sources */ = {
			isa = PBXSourcesBuildPhase;
			buildActionMask = 2147483647;
			files = (
			);
			runOnlyForDeploymentPostprocessing = 0;
		};
		BA7A65DE2FDA6F7300F29C50 /* Sources */ = {
			isa = PBXSourcesBuildPhase;
			buildActionMask = 2147483647;
			files = (
			);
			runOnlyForDeploymentPostprocessing = 0;
		};
/* End PBXSourcesBuildPhase section */

/* Begin PBXTargetDependency section */
		BA7A65DA2FDA6F7300F29C50 /* PBXTargetDependency */ = {
			isa = PBXTargetDependency;
			target = BA7A65C62FDA6F6E00F29C50 /* sumi-ios */;
			targetProxy = BA7A65D92FDA6F7300F29C50 /* PBXContainerItemProxy */;
		};
		BA7A65E42FDA6F7300F29C50 /* PBXTargetDependency */ = {
			isa = PBXTargetDependency;
			target = BA7A65C62FDA6F6E00F29C50 /* sumi-ios */;
			targetProxy = BA7A65E32FDA6F7300F29C50 /* PBXContainerItemProxy */;
		};
/* End PBXTargetDependency section */

/* Begin XCBuildConfiguration section */
		BA7A65EC2FDA6F7300F29C50 /* Debug */ = {
			isa = XCBuildConfiguration;
			buildSettings = {
				ASSETCATALOG_COMPILER_APPICON_NAME = AppIcon;
				ASSETCATALOG_COMPILER_GLOBAL_ACCENT_COLOR_NAME = AccentColor;
				CODE_SIGN_ENTITLEMENTS = "sumi-ios/sumi_ios.entitlements";
				CODE_SIGN_STYLE = Automatic;
				CURRENT_PROJECT_VERSION = 1;
				DEVELOPMENT_TEAM = U97LL9V6WP;
				ENABLE_PREVIEWS = YES;
				GENERATE_INFOPLIST_FILE = YES;
				INFOPLIST_FILE = "sumi-ios/Info.plist";
				INFOPLIST_KEY_UIApplicationSceneManifest_Generation = YES;
				INFOPLIST_KEY_UIApplicationSupportsIndirectInputEvents = YES;
				INFOPLIST_KEY_UILaunchScreen_Generation = YES;
				INFOPLIST_KEY_UISupportedInterfaceOrientations_iPad = "UIInterfaceOrientationPortrait UIInterfaceOrientationPortraitUpsideDown UIInterfaceOrientationLandscapeLeft UIInterfaceOrientationLandscapeRight";
				INFOPLIST_KEY_UISupportedInterfaceOrientations_iPhone = "UIInterfaceOrientationPortrait UIInterfaceOrientationLandscapeLeft UIInterfaceOrientationLandscapeRight";
				LD_RUNPATH_SEARCH_PATHS = (
					"$(inherited)",
					"@executable_path/Frameworks",
				);
				MARKETING_VERSION = 1.0;
				PRODUCT_BUNDLE_IDENTIFIER = "Eden-Etuk.sumi-ios";
				PRODUCT_NAME = "$(TARGET_NAME)";
				SWIFT_EMIT_LOC_STRINGS = YES;
				SWIFT_VERSION = 5.0;
				TARGETED_DEVICE_FAMILY = "1,2";
			};
			name = Debug;
		};
		BA7A65ED2FDA6F7300F29C50 /* Release */ = {
			isa = XCBuildConfiguration;
			buildSettings = {
				ASSETCATALOG_COMPILER_APPICON_NAME = AppIcon;
				ASSETCATALOG_COMPILER_GLOBAL_ACCENT_COLOR_NAME = AccentColor;
				CODE_SIGN_ENTITLEMENTS = "sumi-ios/sumi_ios.entitlements";
				CODE_SIGN_STYLE = Automatic;
				CURRENT_PROJECT_VERSION = 1;
				DEVELOPMENT_TEAM = U97LL9V6WP;
				ENABLE_PREVIEWS = YES;
				GENERATE_INFOPLIST_FILE = YES;
				INFOPLIST_FILE = "sumi-ios/Info.plist";
				INFOPLIST_KEY_UIApplicationSceneManifest_Generation = YES;
				INFOPLIST_KEY_UIApplicationSupportsIndirectInputEvents = YES;
				INFOPLIST_KEY_UILaunchScreen_Generation = YES;
				INFOPLIST_KEY_UISupportedInterfaceOrientations_iPad = "UIInterfaceOrientationPortrait UIInterfaceOrientationPortraitUpsideDown UIInterfaceOrientationLandscapeLeft UIInterfaceOrientationLandscapeRight";
				INFOPLIST_KEY_UISupportedInterfaceOrientations_iPhone = "UIInterfaceOrientationPortrait UIInterfaceOrientationLandscapeLeft UIInterfaceOrientationLandscapeRight";
				LD_RUNPATH_SEARCH_PATHS = (
					"$(inherited)",
					"@executable_path/Frameworks",
				);
				MARKETING_VERSION = 1.0;
				PRODUCT_BUNDLE_IDENTIFIER = "Eden-Etuk.sumi-ios";
				PRODUCT_NAME = "$(TARGET_NAME)";
				SWIFT_EMIT_LOC_STRINGS = YES;
				SWIFT_VERSION = 5.0;
				TARGETED_DEVICE_FAMILY = "1,2";
			};
			name = Release;
		};
		BA7A65EE2FDA6F7300F29C50 /* Debug */ = {
			isa = XCBuildConfiguration;
			buildSettings = {
				ALWAYS_SEARCH_USER_PATHS = NO;
				ASSETCATALOG_COMPILER_GENERATE_SWIFT_ASSET_SYMBOL_EXTENSIONS = YES;
				CLANG_ANALYZER_NONNULL = YES;
				CLANG_ANALYZER_NUMBER_OBJECT_CONVERSION = YES_AGGRESSIVE;
				CLANG_CXX_LANGUAGE_STANDARD = "gnu++20";
				CLANG_ENABLE_MODULES = YES;
				CLANG_ENABLE_OBJC_ARC = YES;
				CLANG_ENABLE_OBJC_WEAK = YES;
				CLANG_WARN_BLOCK_CAPTURE_AUTORELEASING = YES;
				CLANG_WARN_BOOL_CONVERSION = YES;
				CLANG_WARN_COMMA = YES;
				CLANG_WARN_CONSTANT_CONVERSION = YES;
				CLANG_WARN_DEPRECATED_OBJC_IMPLEMENTATIONS = YES;
				CLANG_WARN_DIRECT_OBJC_ISA_USAGE = YES_ERROR;
				CLANG_WARN_DOCUMENTATION_COMMENTS = YES;
				CLANG_WARN_EMPTY_BODY = YES;
				CLANG_WARN_ENUM_CONVERSION = YES;
				CLANG_WARN_INFINITE_RECURSION = YES;
				CLANG_WARN_INT_CONVERSION = YES;
				CLANG_WARN_NON_LITERAL_NULL_CONVERSION = YES;
				CLANG_WARN_OBJC_IMPLICIT_RETAIN_SELF = YES;
				CLANG_WARN_OBJC_LITERAL_CONVERSION = YES;
				CLANG_WARN_OBJC_ROOT_CLASS = YES_ERROR;
				CLANG_WARN_QUOTED_INCLUDE_IN_FRAMEWORK_HEADER = YES;
				CLANG_WARN_RANGE_LOOP_ANALYSIS = YES;
				CLANG_WARN_STRICT_PROTOTYPES = YES;
				CLANG_WARN_SUSPICIOUS_MOVE = YES;
				CLANG_WARN_UNGUARDED_AVAILABILITY = YES_AGGRESSIVE;
				CLANG_WARN_UNREACHABLE_CODE = YES;
				CLANG_WARN__DUPLICATE_METHOD_MATCH = YES;
				COPY_PHASE_STRIP = NO;
				DEBUG_INFORMATION_FORMAT = dwarf;
				DEVELOPMENT_TEAM = U97LL9V6WP;
				ENABLE_STRICT_OBJC_MSGSEND = YES;
				ENABLE_TESTABILITY = YES;
				ENABLE_USER_SCRIPT_SANDBOXING = YES;
				GCC_C_LANGUAGE_STANDARD = gnu17;
				GCC_DYNAMIC_NO_PIC = NO;
				GCC_NO_COMMON_BLOCKS = YES;
				GCC_OPTIMIZATION_LEVEL = 0;
				GCC_PREPROCESSOR_DEFINITIONS = (
					"DEBUG=1",
					"$(inherited)",
				);
				GCC_WARN_64_TO_32_BIT_CONVERSION = YES;
				GCC_WARN_ABOUT_RETURN_TYPE = YES_ERROR;
				GCC_WARN_UNDECLARED_SELECTOR = YES;
				GCC_WARN_UNINITIALIZED_AUTOS = YES_AGGRESSIVE;
				GCC_WARN_UNUSED_FUNCTION = YES;
				GCC_WARN_UNUSED_VARIABLE = YES;
				IPHONEOS_DEPLOYMENT_TARGET = 26.0;
				LOCALIZATION_PREFERS_STRING_CATALOGS = YES;
				MTL_ENABLE_DEBUG_INFO = INCLUDE_SOURCE;
				MTL_FAST_MATH = YES;
				ONLY_ACTIVE_ARCH = YES;
				SDKROOT = iphoneos;
				SWIFT_ACTIVE_COMPILATION_CONDITIONS = "DEBUG $(inherited)";
				SWIFT_OPTIMIZATION_LEVEL = "-Onone";
			};
			name = Debug;
		};
		BA7A65EF2FDA6F7300F29C50 /* Release */ = {
			isa = XCBuildConfiguration;
			buildSettings = {
				ALWAYS_SEARCH_USER_PATHS = NO;
				ASSETCATALOG_COMPILER_GENERATE_SWIFT_ASSET_SYMBOL_EXTENSIONS = YES;
				CLANG_ANALYZER_NONNULL = YES;
				CLANG_ANALYZER_NUMBER_OBJECT_CONVERSION = YES_AGGRESSIVE;
				CLANG_CXX_LANGUAGE_STANDARD = "gnu++20";
				CLANG_ENABLE_MODULES = YES;
				CLANG_ENABLE_OBJC_ARC = YES;
				CLANG_ENABLE_OBJC_WEAK = YES;
				CLANG_WARN_BLOCK_CAPTURE_AUTORELEASING = YES;
				CLANG_WARN_BOOL_CONVERSION = YES;
				CLANG_WARN_COMMA = YES;
				CLANG_WARN_CONSTANT_CONVERSION = YES;
				CLANG_WARN_DEPRECATED_OBJC_IMPLEMENTATIONS = YES;
				CLANG_WARN_DIRECT_OBJC_ISA_USAGE = YES_ERROR;
				CLANG_WARN_DOCUMENTATION_COMMENTS = YES;
				CLANG_WARN_EMPTY_BODY = YES;
				CLANG_WARN_ENUM_CONVERSION = YES;
				CLANG_WARN_INFINITE_RECURSION = YES;
				CLANG_WARN_INT_CONVERSION = YES;
				CLANG_WARN_NON_LITERAL_NULL_CONVERSION = YES;
				CLANG_WARN_OBJC_IMPLICIT_RETAIN_SELF = YES;
				CLANG_WARN_OBJC_LITERAL_CONVERSION = YES;
				CLANG_WARN_OBJC_ROOT_CLASS = YES_ERROR;
				CLANG_WARN_QUOTED_INCLUDE_IN_FRAMEWORK_HEADER = YES;
				CLANG_WARN_RANGE_LOOP_ANALYSIS = YES;
				CLANG_WARN_STRICT_PROTOTYPES = YES;
				CLANG_WARN_SUSPICIOUS_MOVE = YES;
				CLANG_WARN_UNGUARDED_AVAILABILITY = YES_AGGRESSIVE;
				CLANG_WARN_UNREACHABLE_CODE = YES;
				CLANG_WARN__DUPLICATE_METHOD_MATCH = YES;
				COPY_PHASE_STRIP = NO;
				DEBUG_INFORMATION_FORMAT = "dwarf-with-dsym";
				DEVELOPMENT_TEAM = U97LL9V6WP;
				ENABLE_NS_ASSERTIONS = NO;
				ENABLE_STRICT_OBJC_MSGSEND = YES;
				ENABLE_USER_SCRIPT_SANDBOXING = YES;
				GCC_C_LANGUAGE_STANDARD = gnu17;
				GCC_NO_COMMON_BLOCKS = YES;
				GCC_WARN_64_TO_32_BIT_CONVERSION = YES;
				GCC_WARN_ABOUT_RETURN_TYPE = YES_ERROR;
				GCC_WARN_UNDECLARED_SELECTOR = YES;
				GCC_WARN_UNINITIALIZED_AUTOS = YES_AGGRESSIVE;
				GCC_WARN_UNUSED_FUNCTION = YES;
				GCC_WARN_UNUSED_VARIABLE = YES;
				IPHONEOS_DEPLOYMENT_TARGET = 26.0;
				LOCALIZATION_PREFERS_STRING_CATALOGS = YES;
				MTL_ENABLE_DEBUG_INFO = NO;
				MTL_FAST_MATH = YES;
				SDKROOT = iphoneos;
				SWIFT_COMPILATION_MODE = wholemodule;
				VALIDATE_PRODUCT = YES;
			};
			name = Release;
		};
		BA7A65F12FDA6F7300F29C50 /* Debug */ = {
			isa = XCBuildConfiguration;
			buildSettings = {
				BUNDLE_LOADER = "$(TEST_HOST)";
				CODE_SIGN_STYLE = Automatic;
				CURRENT_PROJECT_VERSION = 1;
				DEVELOPMENT_TEAM = U97LL9V6WP;
				GENERATE_INFOPLIST_FILE = YES;
				IPHONEOS_DEPLOYMENT_TARGET = 26.0;
				MARKETING_VERSION = 1.0;
				PRODUCT_BUNDLE_IDENTIFIER = "Eden-Etuk.sumi-iosTests";
				PRODUCT_NAME = "$(TARGET_NAME)";
				SWIFT_EMIT_LOC_STRINGS = NO;
				SWIFT_VERSION = 5.0;
				TARGETED_DEVICE_FAMILY = "1,2";
				TEST_HOST = "$(BUILT_PRODUCTS_DIR)/sumi-ios.app/$(BUNDLE_EXECUTABLE_FOLDER_PATH)/sumi-ios";
			};
			name = Debug;
		};
		BA7A65F22FDA6F7300F29C50 /* Release */ = {
			isa = XCBuildConfiguration;
			buildSettings = {
				BUNDLE_LOADER = "$(TEST_HOST)";
				CODE_SIGN_STYLE = Automatic;
				CURRENT_PROJECT_VERSION = 1;
				DEVELOPMENT_TEAM = U97LL9V6WP;
				GENERATE_INFOPLIST_FILE = YES;
				IPHONEOS_DEPLOYMENT_TARGET = 26.0;
				MARKETING_VERSION = 1.0;
				PRODUCT_BUNDLE_IDENTIFIER = "Eden-Etuk.sumi-iosTests";
				PRODUCT_NAME = "$(TARGET_NAME)";
				SWIFT_EMIT_LOC_STRINGS = NO;
				SWIFT_VERSION = 5.0;
				TARGETED_DEVICE_FAMILY = "1,2";
				TEST_HOST = "$(BUILT_PRODUCTS_DIR)/sumi-ios.app/$(BUNDLE_EXECUTABLE_FOLDER_PATH)/sumi-ios";
			};
			name = Release;
		};
		BA7A65F42FDA6F7300F29C50 /* Debug */ = {
			isa = XCBuildConfiguration;
			buildSettings = {
				CODE_SIGN_STYLE = Automatic;
				CURRENT_PROJECT_VERSION = 1;
				DEVELOPMENT_TEAM = U97LL9V6WP;
				GENERATE_INFOPLIST_FILE = YES;
				MARKETING_VERSION = 1.0;
				PRODUCT_BUNDLE_IDENTIFIER = "Eden-Etuk.sumi-iosUITests";
				PRODUCT_NAME = "$(TARGET_NAME)";
				SWIFT_EMIT_LOC_STRINGS = NO;
				SWIFT_VERSION = 5.0;
				TARGETED_DEVICE_FAMILY = "1,2";
				TEST_TARGET_NAME = "sumi-ios";
			};
			name = Debug;
		};
		BA7A65F52FDA6F7300F29C50 /* Release */ = {
			isa = XCBuildConfiguration;
			buildSettings = {
				CODE_SIGN_STYLE = Automatic;
				CURRENT_PROJECT_VERSION = 1;
				DEVELOPMENT_TEAM = U97LL9V6WP;
				GENERATE_INFOPLIST_FILE = YES;
				MARKETING_VERSION = 1.0;
				PRODUCT_BUNDLE_IDENTIFIER = "Eden-Etuk.sumi-iosUITests";
				PRODUCT_NAME = "$(TARGET_NAME)";
				SWIFT_EMIT_LOC_STRINGS = NO;
				SWIFT_VERSION = 5.0;
				TARGETED_DEVICE_FAMILY = "1,2";
				TEST_TARGET_NAME = "sumi-ios";
			};
			name = Release;
		};
/* End XCBuildConfiguration section */

/* Begin XCConfigurationList section */
		BA7A65C22FDA6F6E00F29C50 /* Build configuration list for PBXProject "sumi-ios" */ = {
			isa = XCConfigurationList;
			buildConfigurations = (
				BA7A65EE2FDA6F7300F29C50 /* Debug */,
				BA7A65EF2FDA6F7300F29C50 /* Release */,
			);
			defaultConfigurationIsVisible = 0;
			defaultConfigurationName = Release;
		};
		BA7A65EB2FDA6F7300F29C50 /* Build configuration list for PBXNativeTarget "sumi-ios" */ = {
			isa = XCConfigurationList;
			buildConfigurations = (
				BA7A65EC2FDA6F7300F29C50 /* Debug */,
				BA7A65ED2FDA6F7300F29C50 /* Release */,
			);
			defaultConfigurationIsVisible = 0;
			defaultConfigurationName = Release;
		};
		BA7A65F02FDA6F7300F29C50 /* Build configuration list for PBXNativeTarget "sumi-iosTests" */ = {
			isa = XCConfigurationList;
			buildConfigurations = (
				BA7A65F12FDA6F7300F29C50 /* Debug */,
				BA7A65F22FDA6F7300F29C50 /* Release */,
			);
			defaultConfigurationIsVisible = 0;
			defaultConfigurationName = Release;
		};
		BA7A65F32FDA6F7300F29C50 /* Build configuration list for PBXNativeTarget "sumi-iosUITests" */ = {
			isa = XCConfigurationList;
			buildConfigurations = (
				BA7A65F42FDA6F7300F29C50 /* Debug */,
				BA7A65F52FDA6F7300F29C50 /* Release */,
			);
			defaultConfigurationIsVisible = 0;
			defaultConfigurationName = Release;
		};
/* End XCConfigurationList section */
	};
	rootObject = BA7A65BF2FDA6F6E00F29C50 /* Project object */;
}
